{
  "name": "wordkata",
  "version": "1.0.0",
  "lockfileVersion": 1,
  "requires": true,
  "dependencies": {
    "oxford-dictionary-api": {
      "version": "1.0.1",
      "resolved": "http://npm.tescloud.com/oxford-dictionary-api/-/oxford-dictionary-api-1.0.1.tgz",
      "integrity": "sha1-Kf7NZFt5sn0GEG/C2zNvdvtAnfM="
    }
  }
}
